
Microsoft Visual Studio Solution File, Format Version 12.00
# Visual Studio Version 17
VisualStudioVersion = 17.1.32421.90
MinimumVisualStudioVersion = 10.0.40219.1
Project("{FAE04EC0-301F-11D3-BF4B-00C04F79EFBC}") = "WPFlab1Planes", "WPFlab1Planes\WPFlab1Planes.csproj", "{EF06E58C-A6D6-4756-B6AF-3355C9D0E00E}"
EndProject
Global
	GlobalSection(SolutionConfigurationPlatforms) = preSolution
		Debug|Any CPU = Debug|Any CPU
		Release|Any CPU = Release|Any CPU
	EndGlobalSection
	GlobalSection(ProjectConfigurationPlatforms) = postSolution
		{EF06E58C-A6D6-4756-B6AF-3355C9D0E00E}.Debug|Any CPU.ActiveCfg = Debug|Any CPU
		{EF06E58C-A6D6-4756-B6AF-3355C9D0E00E}.Debug|Any CPU.Build.0 = Debug|Any CPU
		{EF06E58C-A6D6-4756-B6AF-3355C9D0E00E}.Release|Any CPU.ActiveCfg = Release|Any CPU
		{EF06E58C-A6D6-4756-B6AF-3355C9D0E00E}.Release|Any CPU.Build.0 = Release|Any CPU
	EndGlobalSection
	GlobalSection(SolutionProperties) = preSolution
		HideSolutionNode = FALSE
	EndGlobalSection
	GlobalSection(ExtensibilityGlobals) = postSolution
		SolutionGuid = {23795D77-6C88-4E4E-8C04-5070D6C2AD35}
	EndGlobalSection
EndGlobal
